
Microsoft Visual Studio Solution File, Format Version 12.00
# Visual Studio Version 16
VisualStudioVersion = 16.0.29728.190
MinimumVisualStudioVersion = 10.0.40219.1
Project("{FAE04EC0-301F-11D3-BF4B-00C04F79EFBC}") = "Interfaces", "Interfaces\Interfaces.csproj", "{6E15F68E-CE06-4292-9C60-55DED1663595}"
EndProject
Project("{FAE04EC0-301F-11D3-BF4B-00C04F79EFBC}") = "Implementations", "Implementations\Implementations.csproj", "{1689E0ED-AD20-4CC3-ADCB-3D61E66C186F}"
EndProject
Project("{FAE04EC0-301F-11D3-BF4B-00C04F79EFBC}") = "Test", "Test\Test.csproj", "{A559E006-DB2B-494D-B781-79FB2399E75C}"
EndProject
Global
	GlobalSection(SolutionConfigurationPlatforms) = preSolution
		Debug|Any CPU = Debug|Any CPU
		Release|Any CPU = Release|Any CPU
	EndGlobalSection
	GlobalSection(ProjectConfigurationPlatforms) = postSolution
		{6E15F68E-CE06-4292-9C60-55DED1663595}.Debug|Any CPU.ActiveCfg = Debug|Any CPU
		{6E15F68E-CE06-4292-9C60-55DED1663595}.Debug|Any CPU.Build.0 = Debug|Any CPU
		{6E15F68E-CE06-4292-9C60-55DED1663595}.Release|Any CPU.ActiveCfg = Release|Any CPU
		{6E15F68E-CE06-4292-9C60-55DED1663595}.Release|Any CPU.Build.0 = Release|Any CPU
		{1689E0ED-AD20-4CC3-ADCB-3D61E66C186F}.Debug|Any CPU.ActiveCfg = Debug|Any CPU
		{1689E0ED-AD20-4CC3-ADCB-3D61E66C186F}.Debug|Any CPU.Build.0 = Debug|Any CPU
		{1689E0ED-AD20-4CC3-ADCB-3D61E66C186F}.Release|Any CPU.ActiveCfg = Release|Any CPU
		{1689E0ED-AD20-4CC3-ADCB-3D61E66C186F}.Release|Any CPU.Build.0 = Release|Any CPU
		{A559E006-DB2B-494D-B781-79FB2399E75C}.Debug|Any CPU.ActiveCfg = Debug|Any CPU
		{A559E006-DB2B-494D-B781-79FB2399E75C}.Debug|Any CPU.Build.0 = Debug|Any CPU
		{A559E006-DB2B-494D-B781-79FB2399E75C}.Release|Any CPU.ActiveCfg = Release|Any CPU
		{A559E006-DB2B-494D-B781-79FB2399E75C}.Release|Any CPU.Build.0 = Release|Any CPU
	EndGlobalSection
	GlobalSection(SolutionProperties) = preSolution
		HideSolutionNode = FALSE
	EndGlobalSection
	GlobalSection(ExtensibilityGlobals) = postSolution
		SolutionGuid = {C812F9A2-1BF2-457D-9A7A-67A5E4E48C0A}
	EndGlobalSection
EndGlobal
